
Microsoft Visual Studio Solution File, Format Version 12.00
# Visual Studio Version 16
VisualStudioVersion = 16.0.30621.155
MinimumVisualStudioVersion = 10.0.40219.1
Project("{FAE04EC0-301F-11D3-BF4B-00C04F79EFBC}") = "Financial_Accounting", "Financial_Accounting\Financial_Accounting.csproj", "{A856961E-0A4C-478B-ACEA-9DDC23725087}"
EndProject
Global
	GlobalSection(SolutionConfigurationPlatforms) = preSolution
		Debug|Any CPU = Debug|Any CPU
		Release|Any CPU = Release|Any CPU
	EndGlobalSection
	GlobalSection(ProjectConfigurationPlatforms) = postSolution
		{A856961E-0A4C-478B-ACEA-9DDC23725087}.Debug|Any CPU.ActiveCfg = Debug|Any CPU
		{A856961E-0A4C-478B-ACEA-9DDC23725087}.Debug|Any CPU.Build.0 = Debug|Any CPU
		{A856961E-0A4C-478B-ACEA-9DDC23725087}.Release|Any CPU.ActiveCfg = Release|Any CPU
		{A856961E-0A4C-478B-ACEA-9DDC23725087}.Release|Any CPU.Build.0 = Release|Any CPU
	EndGlobalSection
	GlobalSection(SolutionProperties) = preSolution
		HideSolutionNode = FALSE
	EndGlobalSection
	GlobalSection(ExtensibilityGlobals) = postSolution
		SolutionGuid = {12B0E986-48DE-43DB-B57A-6945B13405FD}
	EndGlobalSection
EndGlobal
